<?xml version="1.0" encoding="utf-8"?>
<Project ToolsVersion="4.0" xmlns="http://schemas.microsoft.com/developer/msbuild/2003">
  <ItemGroup>
    <Filter Include="source">
      <UniqueIdentifier>{d25b267f-ae54-4225-8d94-6430946affb6}</UniqueIdentifier>
      <Extensions>cpp;c;cxx;def;odl;idl;hpj;bat;asm</Extensions>
    </Filter>
    <Filter Include="include">
      <UniqueIdentifier>{b907b2bf-7159-4ca3-9d8d-cb3d0887f4f9}</UniqueIdentifier>
      <Extensions>h;hpp;hxx;hm;inl;inc</Extensions>
    </Filter>
    <Filter Include="resource">
      <UniqueIdentifier>{fb4e6de9-7a77-4cc4-987f-fe4143a8aba8}</UniqueIdentifier>
      <Extensions>rc;ico;cur;bmp;dlg;rc2;rct;bin;rgs;jpg;jpeg;jpe;png;manifest</Extensions>
    </Filter>
    <Filter Include="include\support">
      <UniqueIdentifier>{ce59b256-0a71-4a1d-a3c9-a3dc57066907}</UniqueIdentifier>
    </Filter>
    <Filter Include="source\support">
      <UniqueIdentifier>{a4e2c56a-7e44-4fdb-b70d-97472681fdae}</UniqueIdentifier>
    </Filter>
    <Filter Include="include\external">
      <UniqueIdentifier>{5807c904-cd6c-4ba5-8c68-d25220eb3303}</UniqueIdentifier>
    </Filter>
    <Filter Include="source\external">
      <UniqueIdentifier>{b1b59c67-e8c2-4c6a-90d1-a192889a8bad}</UniqueIdentifier>
    </Filter>
  </ItemGroup>
  <ItemGroup>
    <Image Include="res\Poo!.ico">
      <Filter>resource</Filter>
    </Image>
  </ItemGroup>
  <ItemGroup>
    <ResourceCompile Include="Poo!.rc">
      <Filter>resource</Filter>
    </ResourceCompile>
  </ItemGroup>
  <ItemGroup>
    <ClInclude Include="..\Classes\MainScene.h">
      <Filter>include</Filter>
    </ClInclude>
    <ClInclude Include="..\Classes\Bird.h">
      <Filter>include</Filter>
    </ClInclude>
    <ClInclude Include="..\Classes\BirdPoo.h">
      <Filter>include</Filter>
    </ClInclude>
    <ClInclude Include="..\Classes\AppDelegate.h">
      <Filter>include\support</Filter>
    </ClInclude>
    <ClInclude Include="main.h">
      <Filter>include\support</Filter>
    </ClInclude>
    <ClInclude Include="resource.h">
      <Filter>include\support</Filter>
    </ClInclude>
    <ClInclude Include="..\External\Morph\MorphSprite.h">
      <Filter>include\external</Filter>
    </ClInclude>
    <ClInclude Include="..\Classes\Settings.h">
      <Filter>include</Filter>
    </ClInclude>
  </ItemGroup>
  <ItemGroup>
    <ClCompile Include="..\Classes\MainScene.cpp">
      <Filter>source</Filter>
    </ClCompile>
    <ClCompile Include="..\Classes\Bird.cpp">
      <Filter>source</Filter>
    </ClCompile>
    <ClCompile Include="..\Classes\BirdPoo.cpp">
      <Filter>source</Filter>
    </ClCompile>
    <ClCompile Include="main.cpp">
      <Filter>source\support</Filter>
    </ClCompile>
    <ClCompile Include="..\Classes\AppDelegate.cpp">
      <Filter>source\support</Filter>
    </ClCompile>
    <ClCompile Include="..\External\Morph\MorphSprite.cpp">
      <Filter>source\external</Filter>
    </ClCompile>
    <ClCompile Include="..\Classes\Settings.cpp">
      <Filter>source</Filter>
    </ClCompile>
  </ItemGroup>
</Project>