<?xml version="1.0" encoding="utf-8"?>
<Project ToolsVersion="4.0" xmlns="http://schemas.microsoft.com/developer/msbuild/2003">
  <ItemGroup>
    <Filter Include="source">
      <UniqueIdentifier>{d25b267f-ae54-4225-8d94-6430946affb6}</UniqueIdentifier>
      <Extensions>cpp;c;cxx;def;odl;idl;hpj;bat;asm</Extensions>
    </Filter>
    <Filter Include="include">
      <UniqueIdentifier>{b907b2bf-7159-4ca3-9d8d-cb3d0887f4f9}</UniqueIdentifier>
      <Extensions>h;hpp;hxx;hm;inl;inc</Extensions>
    </Filter>
    <Filter Include="resource">
      <UniqueIdentifier>{fb4e6de9-7a77-4cc4-987f-fe4143a8aba8}</UniqueIdentifier>
      <Extensions>rc;ico;cur;bmp;dlg;rc2;rct;bin;rgs;jpg;jpeg;jpe;png;manifest</Extensions>
    </Filter>
    <Filter Include="include\support">
      <UniqueIdentifier>{ce59b256-0a71-4a1d-a3c9-a3dc57066907}</UniqueIdentifier>
    </Filter>
    <Filter Include="source\support">
      <UniqueIdentifier>{a4e2c56a-7e44-4fdb-b70d-97472681fdae}</UniqueIdentifier>
    </Filter>
    <Filter Include="include\external">
      <UniqueIdentifier>{5807c904-cd6c-4ba5-8c68-d25220eb3303}</UniqueIdentifier>
    </Filter>
    <Filter Include="source\external">
      <UniqueIdentifier>{b1b59c67-e8c2-4c6a-90d1-a192889a8bad}</UniqueIdentifier>
    </Filter>
    <Filter Include="include\external\Box2D">
      <UniqueIdentifier>{30f0cd57-7ab7-42f8-9794-4f596a33082a}</UniqueIdentifier>
    </Filter>
    <Filter Include="source\external\Box2D">
      <UniqueIdentifier>{cec23e65-6944-4816-a1fc-5f598e738a80}</UniqueIdentifier>
    </Filter>
    <Filter Include="include\external\ShapeHelper">
      <UniqueIdentifier>{3507b2ae-a1f1-495c-b02a-bdbfdca82cf8}</UniqueIdentifier>
    </Filter>
    <Filter Include="source\external\ShapeHelper">
      <UniqueIdentifier>{e34bd3e8-2668-45cc-aaea-c6ca0ef11f12}</UniqueIdentifier>
    </Filter>
    <Filter Include="include\external\JSON">
      <UniqueIdentifier>{1869e0db-1ff4-440a-ad14-7604c6e91bcc}</UniqueIdentifier>
    </Filter>
  </ItemGroup>
  <ItemGroup>
    <Image Include="res\Poo!.ico">
      <Filter>resource</Filter>
    </Image>
  </ItemGroup>
  <ItemGroup>
    <ResourceCompile Include="Poo!.rc">
      <Filter>resource</Filter>
    </ResourceCompile>
  </ItemGroup>
  <ItemGroup>
    <ClInclude Include="..\Classes\MainScene.h">
      <Filter>include</Filter>
    </ClInclude>
    <ClInclude Include="..\Classes\Bird.h">
      <Filter>include</Filter>
    </ClInclude>
    <ClInclude Include="..\Classes\BirdPoo.h">
      <Filter>include</Filter>
    </ClInclude>
    <ClInclude Include="..\Classes\AppDelegate.h">
      <Filter>include\support</Filter>
    </ClInclude>
    <ClInclude Include="main.h">
      <Filter>include\support</Filter>
    </ClInclude>
    <ClInclude Include="resource.h">
      <Filter>include\support</Filter>
    </ClInclude>
    <ClInclude Include="..\External\Morph\MorphSprite.h">
      <Filter>include\external</Filter>
    </ClInclude>
    <ClInclude Include="..\Classes\Settings.h">
      <Filter>include</Filter>
    </ClInclude>
    <ClInclude Include="..\Classes\Block.h">
      <Filter>include</Filter>
    </ClInclude>
    <ClInclude Include="..\Classes\GameLayer.h">
      <Filter>include</Filter>
    </ClInclude>
    <ClInclude Include="..\Classes\Animation.h">
      <Filter>include</Filter>
    </ClInclude>
    <ClInclude Include="..\Classes\Menu.h">
      <Filter>include</Filter>
    </ClInclude>
    <ClInclude Include="..\Classes\RepeatableSprite.h">
      <Filter>include</Filter>
    </ClInclude>
    <ClInclude Include="..\External\b2DebugDraw\B2DebugDrawLayer.h">
      <Filter>include\external\Box2D</Filter>
    </ClInclude>
    <ClInclude Include="..\External\b2DebugDraw\GLES-Render.h">
      <Filter>include\external\Box2D</Filter>
    </ClInclude>
    <ClInclude Include="..\External\ShapeHelper\ShapeHelper.h">
      <Filter>include\external\ShapeHelper</Filter>
    </ClInclude>
    <ClInclude Include="..\External\json\json.h">
      <Filter>include\external\JSON</Filter>
    </ClInclude>
    <ClInclude Include="..\Classes\Physics.h">
      <Filter>include\external\Box2D</Filter>
    </ClInclude>
  </ItemGroup>
  <ItemGroup>
    <ClCompile Include="..\Classes\MainScene.cpp">
      <Filter>source</Filter>
    </ClCompile>
    <ClCompile Include="..\Classes\Bird.cpp">
      <Filter>source</Filter>
    </ClCompile>
    <ClCompile Include="..\Classes\BirdPoo.cpp">
      <Filter>source</Filter>
    </ClCompile>
    <ClCompile Include="main.cpp">
      <Filter>source\support</Filter>
    </ClCompile>
    <ClCompile Include="..\Classes\AppDelegate.cpp">
      <Filter>source\support</Filter>
    </ClCompile>
    <ClCompile Include="..\External\Morph\MorphSprite.cpp">
      <Filter>source\external</Filter>
    </ClCompile>
    <ClCompile Include="..\Classes\Settings.cpp">
      <Filter>source</Filter>
    </ClCompile>
    <ClCompile Include="..\Classes\Block.cpp">
      <Filter>source</Filter>
    </ClCompile>
    <ClCompile Include="..\Classes\GameLayer.cpp">
      <Filter>source</Filter>
    </ClCompile>
    <ClCompile Include="..\Classes\Animation.cpp">
      <Filter>source</Filter>
    </ClCompile>
    <ClCompile Include="..\Classes\Menu.cpp">
      <Filter>source</Filter>
    </ClCompile>
    <ClCompile Include="..\External\b2DebugDraw\B2DebugDrawLayer.cpp">
      <Filter>source\external\Box2D</Filter>
    </ClCompile>
    <ClCompile Include="..\External\b2DebugDraw\GLES-Render.cpp">
      <Filter>source\external\Box2D</Filter>
    </ClCompile>
    <ClCompile Include="..\External\ShapeHelper\ShapeHelper.cpp">
      <Filter>source\external\ShapeHelper</Filter>
    </ClCompile>
    <ClCompile Include="..\Classes\Physics.cpp">
      <Filter>source\external\Box2D</Filter>
    </ClCompile>
  </ItemGroup>
</Project>